
Microsoft Visual Studio Solution File, Format Version 12.00
# Visual Studio Express 2012 for Windows Desktop
Project("{FAE04EC0-301F-11D3-BF4B-00C04F79EFBC}") = "lab9", "lab9.csproj", "{FE552CD3-CEE1-48F7-BA09-E92C9A10BF98}"
EndProject
Global
	GlobalSection(SolutionConfigurationPlatforms) = preSolution
		Debug|Any CPU = Debug|Any CPU
		Release|Any CPU = Release|Any CPU
	EndGlobalSection
	GlobalSection(ProjectConfigurationPlatforms) = postSolution
		{FE552CD3-CEE1-48F7-BA09-E92C9A10BF98}.Debug|Any CPU.ActiveCfg = Debug|Any CPU
		{FE552CD3-CEE1-48F7-BA09-E92C9A10BF98}.Debug|Any CPU.Build.0 = Debug|Any CPU
		{FE552CD3-CEE1-48F7-BA09-E92C9A10BF98}.Release|Any CPU.ActiveCfg = Release|Any CPU
		{FE552CD3-CEE1-48F7-BA09-E92C9A10BF98}.Release|Any CPU.Build.0 = Release|Any CPU
	EndGlobalSection
	GlobalSection(SolutionProperties) = preSolution
		HideSolutionNode = FALSE
	EndGlobalSection
EndGlobal
